
Microsoft Visual Studio Solution File, Format Version 12.00
# Visual Studio Version 16
VisualStudioVersion = 16.0.30717.126
MinimumVisualStudioVersion = 10.0.40219.1
Project("{FAE04EC0-301F-11D3-BF4B-00C04F79EFBC}") = "HawkSoftContactsApi", "HawkSoftContactsApi.csproj", "{09645F92-6F03-4B23-A7DE-C01DC001453F}"
EndProject
Global
	GlobalSection(SolutionConfigurationPlatforms) = preSolution
		Debug|Any CPU = Debug|Any CPU
		Release|Any CPU = Release|Any CPU
	EndGlobalSection
	GlobalSection(ProjectConfigurationPlatforms) = postSolution
		{09645F92-6F03-4B23-A7DE-C01DC001453F}.Debug|Any CPU.ActiveCfg = Debug|Any CPU
		{09645F92-6F03-4B23-A7DE-C01DC001453F}.Debug|Any CPU.Build.0 = Debug|Any CPU
		{09645F92-6F03-4B23-A7DE-C01DC001453F}.Release|Any CPU.ActiveCfg = Release|Any CPU
		{09645F92-6F03-4B23-A7DE-C01DC001453F}.Release|Any CPU.Build.0 = Release|Any CPU
	EndGlobalSection
	GlobalSection(SolutionProperties) = preSolution
		HideSolutionNode = FALSE
	EndGlobalSection
	GlobalSection(ExtensibilityGlobals) = postSolution
		SolutionGuid = {92F062A3-0E06-40ED-A574-14B1C6C0E0D3}
	EndGlobalSection
EndGlobal
